{
	"name": "test-project-ng",
	"version": "0.0.1",
	"lockfileVersion": 1,
	"requires": true,
	"dependencies": {
		"@angular/common": {
			"version": "7.1.0",
			"resolved": "https://registry.npmjs.org/@angular/common/-/common-7.1.0.tgz",
			"integrity": "sha512-tu6Hv3/z3K2NLD4ndBioGtcykhbwhMJYUWb0NvaOLhaVYColWKPFpkflEorDWB+3/IWkpELGhA/HQ2zQh7EVyg==",
			"requires": {
				"tslib": "^1.9.0"
			}
		},
		"@angular/compiler": {
			"version": "7.1.0",
			"resolved": "https://registry.npmjs.org/@angular/compiler/-/compiler-7.1.0.tgz",
			"integrity": "sha512-1Hjx6e+lVXZyXFFe4OW34ZpiaGEYyB1MQ7k2C+cMm0ABMQS3LsWT4DYhY7bk0mmMuuXQj66C62MX76ladDtdIg==",
			"requires": {
				"tslib": "^1.9.0"
			}
		},
		"@angular/core": {
			"version": "11.0.5",
			"resolved": "https://registry.npmjs.org/@angular/core/-/core-11.0.5.tgz",
			"integrity": "sha512-XAXWQi7R3ucZXQwx9QK5jSKJeQyRJ53u2dQDpr7R5stzeCy1a5hrNOkZLg9zOTTPcth/6+FrOrRZP9SMdxtw3w==",
			"requires": {
				"tslib": "^2.0.0"
			},
			"dependencies": {
				"tslib": {
					"version": "2.4.0",
					"resolved": "https://registry.npmjs.org/tslib/-/tslib-2.4.0.tgz",
					"integrity": "sha512-d6xOpEDfsi2CZVlPQzGeux8XMwLT9hssAsaPYExaQMuYskwb+x1x7J371tWlbBdWHroy99KnVB6qIkUbs5X3UQ=="
				}
			}
		},
		"@angular/platform-browser": {
			"version": "7.1.0",
			"resolved": "https://registry.npmjs.org/@angular/platform-browser/-/platform-browser-7.1.0.tgz",
			"integrity": "sha512-kCrmaNZukWaXk6qlvzyE1Dln/YB2XOGbhb9e+y3NE94beCgDTWseKViMevIoGm/H+Lzf0I2RPg8GMKkQ7pQwNQ==",
			"requires": {
				"tslib": "^1.9.0"
			}
		},
		"@angular/platform-browser-dynamic": {
			"version": "7.1.0",
			"resolved": "https://registry.npmjs.org/@angular/platform-browser-dynamic/-/platform-browser-dynamic-7.1.0.tgz",
			"integrity": "sha512-0yG6e/ZOI9LNUGgSjJ7xUWZhC41z87klO0oEHhEzQeaDxO/SOBasbMiws4ETuhulMgOR81UCAVobXMoOQJbfWg==",
			"requires": {
				"tslib": "^1.9.0"
			}
		},
		"core-js": {
			"version": "2.6.12",
			"resolved": "https://registry.npmjs.org/core-js/-/core-js-2.6.12.tgz",
			"integrity": "sha512-Kb2wC0fvsWfQrgk8HU5lW6U/Lcs8+9aaYcy4ZFc6DDlo4nZ7n70dEgE5rtR0oG6ufKDUnrwfWL1mXR5ljDatrQ=="
		},
		"rxjs": {
			"version": "6.3.3",
			"resolved": "https://registry.npmjs.org/rxjs/-/rxjs-6.3.3.tgz",
			"integrity": "sha512-JTWmoY9tWCs7zvIk/CvRjhjGaOd+OVBM987mxFo+OW66cGpdKjZcpmc74ES1sB//7Kl/PAe8+wEakuhG4pcgOw==",
			"requires": {
				"tslib": "^1.9.0"
			}
		},
		"systemjs": {
			"version": "2.1.2",
			"resolved": "https://registry.npmjs.org/systemjs/-/systemjs-2.1.2.tgz",
			"integrity": "sha512-zWKz0FMcnqnMuqSQ9htSeDCAWSLWmBaY6VypVtcVhY4VWJzp7RfNGuOT+2ABAHZR7GuPmEjDmvBV48khHfqxAw=="
		},
		"tslib": {
			"version": "1.9.3",
			"resolved": "https://registry.npmjs.org/tslib/-/tslib-1.9.3.tgz",
			"integrity": "sha512-4krF8scpejhaOgqzBEcGM7yDIEfi0/8+8zDRZhNZZ2kjmHJ4hv3zCbQWxoJGz1iw5U0Jl0nma13xzHXcncMavQ=="
		},
		"zone.js": {
			"version": "0.8.26",
			"resolved": "https://registry.npmjs.org/zone.js/-/zone.js-0.8.26.tgz",
			"integrity": "sha512-W9Nj+UmBJG251wkCacIkETgra4QgBo/vgoEkb4a2uoLzpQG7qF9nzwoLXWU5xj3Fg2mxGvEDh47mg24vXccYjA=="
		}
	}
}
